{
  "name": "aboutteachlearn",
  "version": "1.0.0",
  "lockfileVersion": 1,
  "requires": true,
  "dependencies": {
    "microjob": {
      "version": "0.4.2",
      "resolved": "https://registry.npmjs.org/microjob/-/microjob-0.4.2.tgz",
      "integrity": "sha512-zIg+ytjSC89Qe1Gg22d1Hq4X1xKFdb+WaoITCd0ZrpVfAp1+zKxTqVMEACw3uzWCRJeTGUwWxpaWT70qq+YQlg=="
    }
  }
}
